// !$*UTF8*$!
{
	archiveVersion = 1;
	classes = {
	};
	objectVersion = 46;
	objects = {

/* Begin PBXBuildFile section */
		22086CAA18FD71E400ACBA11 /* KTRBaseViewController.m in Sources */ = {isa = PBXBuildFile; fileRef = 22086CA918FD71E400ACBA11 /* KTRBaseViewController.m */; };
		22086CAD18FD723F00ACBA11 /* KTRMainViewController.m in Sources */ = {isa = PBXBuildFile; fileRef = 22086CAC18FD723F00ACBA11 /* KTRMainViewController.m */; };
		22086CB618FD7E2C00ACBA11 /* KTRLeftMenuViewController.m in Sources */ = {isa = PBXBuildFile; fileRef = 22086CB518FD7E2C00ACBA11 /* KTRLeftMenuViewController.m */; };
		225EAB2F18FD6A6B00645F95 /* Foundation.framework in Frameworks */ = {isa = PBXBuildFile; fileRef = 225EAB2E18FD6A6B00645F95 /* Foundation.framework */; };
		225EAB3118FD6A6B00645F95 /* CoreGraphics.framework in Frameworks */ = {isa = PBXBuildFile; fileRef = 225EAB3018FD6A6B00645F95 /* CoreGraphics.framework */; };
		225EAB3318FD6A6B00645F95 /* UIKit.framework in Frameworks */ = {isa = PBXBuildFile; fileRef = 225EAB3218FD6A6B00645F95 /* UIKit.framework */; };
		225EAB3918FD6A6B00645F95 /* InfoPlist.strings in Resources */ = {isa = PBXBuildFile; fileRef = 225EAB3718FD6A6B00645F95 /* InfoPlist.strings */; };
		225EAB3B18FD6A6B00645F95 /* main.m in Sources */ = {isa = PBXBuildFile; fileRef = 225EAB3A18FD6A6B00645F95 /* main.m */; };
		225EAB3F18FD6A6B00645F95 /* KTRAppDelegate.m in Sources */ = {isa = PBXBuildFile; fileRef = 225EAB3E18FD6A6B00645F95 /* KTRAppDelegate.m */; };
		225EAB4218FD6A6B00645F95 /* Main.storyboard in Resources */ = {isa = PBXBuildFile; fileRef = 225EAB4018FD6A6B00645F95 /* Main.storyboard */; };
		225EAB4718FD6A6B00645F95 /* Images.xcassets in Resources */ = {isa = PBXBuildFile; fileRef = 225EAB4618FD6A6B00645F95 /* Images.xcassets */; };
		225EAB4E18FD6A6B00645F95 /* XCTest.framework in Frameworks */ = {isa = PBXBuildFile; fileRef = 225EAB4D18FD6A6B00645F95 /* XCTest.framework */; };
		225EAB4F18FD6A6B00645F95 /* Foundation.framework in Frameworks */ = {isa = PBXBuildFile; fileRef = 225EAB2E18FD6A6B00645F95 /* Foundation.framework */; };
		225EAB5018FD6A6B00645F95 /* UIKit.framework in Frameworks */ = {isa = PBXBuildFile; fileRef = 225EAB3218FD6A6B00645F95 /* UIKit.framework */; };
		225EAB5818FD6A6B00645F95 /* InfoPlist.strings in Resources */ = {isa = PBXBuildFile; fileRef = 225EAB5618FD6A6B00645F95 /* InfoPlist.strings */; };
		225EAB5A18FD6A6B00645F95 /* SlideMenuTests.m in Sources */ = {isa = PBXBuildFile; fileRef = 225EAB5918FD6A6B00645F95 /* SlideMenuTests.m */; };
		89DC76DD05784223A78C323C /* libPods.a in Frameworks */ = {isa = PBXBuildFile; fileRef = A72A7A1E01B7406BBF933262 /* libPods.a */; };
/* End PBXBuildFile section */

/* Begin PBXContainerItemProxy section */
		225EAB5118FD6A6B00645F95 /* PBXContainerItemProxy */ = {
			isa = PBXContainerItemProxy;
			containerPortal = 225EAB2318FD6A6B00645F95 /* Project object */;
			proxyType = 1;
			remoteGlobalIDString = 225EAB2A18FD6A6B00645F95;
			remoteInfo = SlideMenu;
		};
/* End PBXContainerItemProxy section */

/* Begin PBXFileReference section */
		22086CA818FD71E400ACBA11 /* KTRBaseViewController.h */ = {isa = PBXFileReference; fileEncoding = 4; lastKnownFileType = sourcecode.c.h; path = KTRBaseViewController.h; sourceTree = "<group>"; };
		22086CA918FD71E400ACBA11 /* KTRBaseViewController.m */ = {isa = PBXFileReference; fileEncoding = 4; lastKnownFileType = sourcecode.c.objc; path = KTRBaseViewController.m; sourceTree = "<group>"; };
		22086CAB18FD723F00ACBA11 /* KTRMainViewController.h */ = {isa = PBXFileReference; fileEncoding = 4; lastKnownFileType = sourcecode.c.h; path = KTRMainViewController.h; sourceTree = "<group>"; };
		22086CAC18FD723F00ACBA11 /* KTRMainViewController.m */ = {isa = PBXFileReference; fileEncoding = 4; lastKnownFileType = sourcecode.c.objc; path = KTRMainViewController.m; sourceTree = "<group>"; };
		22086CB418FD7E2C00ACBA11 /* KTRLeftMenuViewController.h */ = {isa = PBXFileReference; fileEncoding = 4; lastKnownFileType = sourcecode.c.h; path = KTRLeftMenuViewController.h; sourceTree = "<group>"; };
		22086CB518FD7E2C00ACBA11 /* KTRLeftMenuViewController.m */ = {isa = PBXFileReference; fileEncoding = 4; lastKnownFileType = sourcecode.c.objc; path = KTRLeftMenuViewController.m; sourceTree = "<group>"; };
		225EAB2B18FD6A6B00645F95 /* SlideMenu.app */ = {isa = PBXFileReference; explicitFileType = wrapper.application; includeInIndex = 0; path = SlideMenu.app; sourceTree = BUILT_PRODUCTS_DIR; };
		225EAB2E18FD6A6B00645F95 /* Foundation.framework */ = {isa = PBXFileReference; lastKnownFileType = wrapper.framework; name = Foundation.framework; path = System/Library/Frameworks/Foundation.framework; sourceTree = SDKROOT; };
		225EAB3018FD6A6B00645F95 /* CoreGraphics.framework */ = {isa = PBXFileReference; lastKnownFileType = wrapper.framework; name = CoreGraphics.framework; path = System/Library/Frameworks/CoreGraphics.framework; sourceTree = SDKROOT; };
		225EAB3218FD6A6B00645F95 /* UIKit.framework */ = {isa = PBXFileReference; lastKnownFileType = wrapper.framework; name = UIKit.framework; path = System/Library/Frameworks/UIKit.framework; sourceTree = SDKROOT; };
		225EAB3618FD6A6B00645F95 /* SlideMenu-Info.plist */ = {isa = PBXFileReference; lastKnownFileType = text.plist.xml; path = "SlideMenu-Info.plist"; sourceTree = "<group>"; };
		225EAB3818FD6A6B00645F95 /* en */ = {isa = PBXFileReference; lastKnownFileType = text.plist.strings; name = en; path = en.lproj/InfoPlist.strings; sourceTree = "<group>"; };
		225EAB3A18FD6A6B00645F95 /* main.m */ = {isa = PBXFileReference; lastKnownFileType = sourcecode.c.objc; path = main.m; sourceTree = "<group>"; };
		225EAB3C18FD6A6B00645F95 /* SlideMenu-Prefix.pch */ = {isa = PBXFileReference; lastKnownFileType = sourcecode.c.h; path = "SlideMenu-Prefix.pch"; sourceTree = "<group>"; };
		225EAB3D18FD6A6B00645F95 /* KTRAppDelegate.h */ = {isa = PBXFileReference; lastKnownFileType = sourcecode.c.h; path = KTRAppDelegate.h; sourceTree = "<group>"; };
		225EAB3E18FD6A6B00645F95 /* KTRAppDelegate.m */ = {isa = PBXFileReference; lastKnownFileType = sourcecode.c.objc; path = KTRAppDelegate.m; sourceTree = "<group>"; };
		225EAB4118FD6A6B00645F95 /* Base */ = {isa = PBXFileReference; lastKnownFileType = file.storyboard; name = Base; path = Base.lproj/Main.storyboard; sourceTree = "<group>"; };
		225EAB4618FD6A6B00645F95 /* Images.xcassets */ = {isa = PBXFileReference; lastKnownFileType = folder.assetcatalog; path = Images.xcassets; sourceTree = "<group>"; };
		225EAB4C18FD6A6B00645F95 /* SlideMenuTests.xctest */ = {isa = PBXFileReference; explicitFileType = wrapper.cfbundle; includeInIndex = 0; path = SlideMenuTests.xctest; sourceTree = BUILT_PRODUCTS_DIR; };
		225EAB4D18FD6A6B00645F95 /* XCTest.framework */ = {isa = PBXFileReference; lastKnownFileType = wrapper.framework; name = XCTest.framework; path = Library/Frameworks/XCTest.framework; sourceTree = DEVELOPER_DIR; };
		225EAB5518FD6A6B00645F95 /* SlideMenuTests-Info.plist */ = {isa = PBXFileReference; lastKnownFileType = text.plist.xml; path = "SlideMenuTests-Info.plist"; sourceTree = "<group>"; };
		225EAB5718FD6A6B00645F95 /* en */ = {isa = PBXFileReference; lastKnownFileType = text.plist.strings; name = en; path = en.lproj/InfoPlist.strings; sourceTree = "<group>"; };
		225EAB5918FD6A6B00645F95 /* SlideMenuTests.m */ = {isa = PBXFileReference; lastKnownFileType = sourcecode.c.objc; path = SlideMenuTests.m; sourceTree = "<group>"; };
		9B1EDE578B334310AD7D444F /* Pods.xcconfig */ = {isa = PBXFileReference; includeInIndex = 1; lastKnownFileType = text.xcconfig; name = Pods.xcconfig; path = Pods/Pods.xcconfig; sourceTree = "<group>"; };
		A72A7A1E01B7406BBF933262 /* libPods.a */ = {isa = PBXFileReference; explicitFileType = archive.ar; includeInIndex = 0; path = libPods.a; sourceTree = BUILT_PRODUCTS_DIR; };
/* End PBXFileReference section */

/* Begin PBXFrameworksBuildPhase section */
		225EAB2818FD6A6B00645F95 /* Frameworks */ = {
			isa = PBXFrameworksBuildPhase;
			buildActionMask = 2147483647;
			files = (
				225EAB3118FD6A6B00645F95 /* CoreGraphics.framework in Frameworks */,
				225EAB3318FD6A6B00645F95 /* UIKit.framework in Frameworks */,
				225EAB2F18FD6A6B00645F95 /* Foundation.framework in Frameworks */,
				89DC76DD05784223A78C323C /* libPods.a in Frameworks */,
			);
			runOnlyForDeploymentPostprocessing = 0;
		};
		225EAB4918FD6A6B00645F95 /* Frameworks */ = {
			isa = PBXFrameworksBuildPhase;
			buildActionMask = 2147483647;
			files = (
				225EAB4E18FD6A6B00645F95 /* XCTest.framework in Frameworks */,
				225EAB5018FD6A6B00645F95 /* UIKit.framework in Frameworks */,
				225EAB4F18FD6A6B00645F95 /* Foundation.framework in Frameworks */,
			);
			runOnlyForDeploymentPostprocessing = 0;
		};
/* End PBXFrameworksBuildPhase section */

/* Begin PBXGroup section */
		225EAB2218FD6A6B00645F95 = {
			isa = PBXGroup;
			children = (
				225EAB3418FD6A6B00645F95 /* SlideMenu */,
				225EAB5318FD6A6B00645F95 /* SlideMenuTests */,
				225EAB2D18FD6A6B00645F95 /* Frameworks */,
				225EAB2C18FD6A6B00645F95 /* Products */,
				9B1EDE578B334310AD7D444F /* Pods.xcconfig */,
			);
			sourceTree = "<group>";
		};
		225EAB2C18FD6A6B00645F95 /* Products */ = {
			isa = PBXGroup;
			children = (
				225EAB2B18FD6A6B00645F95 /* SlideMenu.app */,
				225EAB4C18FD6A6B00645F95 /* SlideMenuTests.xctest */,
			);
			name = Products;
			sourceTree = "<group>";
		};
		225EAB2D18FD6A6B00645F95 /* Frameworks */ = {
			isa = PBXGroup;
			children = (
				225EAB2E18FD6A6B00645F95 /* Foundation.framework */,
				225EAB3018FD6A6B00645F95 /* CoreGraphics.framework */,
				225EAB3218FD6A6B00645F95 /* UIKit.framework */,
				225EAB4D18FD6A6B00645F95 /* XCTest.framework */,
				A72A7A1E01B7406BBF933262 /* libPods.a */,
			);
			name = Frameworks;
			sourceTree = "<group>";
		};
		225EAB3418FD6A6B00645F95 /* SlideMenu */ = {
			isa = PBXGroup;
			children = (
				225EAB6418FD6D4600645F95 /* ViewControllers */,
				225EAB3D18FD6A6B00645F95 /* KTRAppDelegate.h */,
				225EAB3E18FD6A6B00645F95 /* KTRAppDelegate.m */,
				225EAB4018FD6A6B00645F95 /* Main.storyboard */,
				225EAB4618FD6A6B00645F95 /* Images.xcassets */,
				225EAB3518FD6A6B00645F95 /* Supporting Files */,
			);
			path = SlideMenu;
			sourceTree = "<group>";
		};
		225EAB3518FD6A6B00645F95 /* Supporting Files */ = {
			isa = PBXGroup;
			children = (
				225EAB3618FD6A6B00645F95 /* SlideMenu-Info.plist */,
				225EAB3718FD6A6B00645F95 /* InfoPlist.strings */,
				225EAB3A18FD6A6B00645F95 /* main.m */,
				225EAB3C18FD6A6B00645F95 /* SlideMenu-Prefix.pch */,
			);
			name = "Supporting Files";
			sourceTree = "<group>";
		};
		225EAB5318FD6A6B00645F95 /* SlideMenuTests */ = {
			isa = PBXGroup;
			children = (
				225EAB5918FD6A6B00645F95 /* SlideMenuTests.m */,
				225EAB5418FD6A6B00645F95 /* Supporting Files */,
			);
			path = SlideMenuTests;
			sourceTree = "<group>";
		};
		225EAB5418FD6A6B00645F95 /* Supporting Files */ = {
			isa = PBXGroup;
			children = (
				225EAB5518FD6A6B00645F95 /* SlideMenuTests-Info.plist */,
				225EAB5618FD6A6B00645F95 /* InfoPlist.strings */,
			);
			name = "Supporting Files";
			sourceTree = "<group>";
		};
		225EAB6418FD6D4600645F95 /* ViewControllers */ = {
			isa = PBXGroup;
			children = (
				22086CA818FD71E400ACBA11 /* KTRBaseViewController.h */,
				22086CA918FD71E400ACBA11 /* KTRBaseViewController.m */,
				22086CAB18FD723F00ACBA11 /* KTRMainViewController.h */,
				22086CB418FD7E2C00ACBA11 /* KTRLeftMenuViewController.h */,
				22086CB518FD7E2C00ACBA11 /* KTRLeftMenuViewController.m */,
				22086CAC18FD723F00ACBA11 /* KTRMainViewController.m */,
			);
			name = ViewControllers;
			sourceTree = "<group>";
		};
/* End PBXGroup section */

/* Begin PBXNativeTarget section */
		225EAB2A18FD6A6B00645F95 /* SlideMenu */ = {
			isa = PBXNativeTarget;
			buildConfigurationList = 225EAB5D18FD6A6B00645F95 /* Build configuration list for PBXNativeTarget "SlideMenu" */;
			buildPhases = (
				ECE02E15581B4FE1BE6384FE /* Check Pods Manifest.lock */,
				225EAB2718FD6A6B00645F95 /* Sources */,
				225EAB2818FD6A6B00645F95 /* Frameworks */,
				225EAB2918FD6A6B00645F95 /* Resources */,
				6CE7BD91A3F1409A9BE7B86D /* Copy Pods Resources */,
			);
			buildRules = (
			);
			dependencies = (
			);
			name = SlideMenu;
			productName = SlideMenu;
			productReference = 225EAB2B18FD6A6B00645F95 /* SlideMenu.app */;
			productType = "com.apple.product-type.application";
		};
		225EAB4B18FD6A6B00645F95 /* SlideMenuTests */ = {
			isa = PBXNativeTarget;
			buildConfigurationList = 225EAB6018FD6A6B00645F95 /* Build configuration list for PBXNativeTarget "SlideMenuTests" */;
			buildPhases = (
				225EAB4818FD6A6B00645F95 /* Sources */,
				225EAB4918FD6A6B00645F95 /* Frameworks */,
				225EAB4A18FD6A6B00645F95 /* Resources */,
			);
			buildRules = (
			);
			dependencies = (
				225EAB5218FD6A6B00645F95 /* PBXTargetDependency */,
			);
			name = SlideMenuTests;
			productName = SlideMenuTests;
			productReference = 225EAB4C18FD6A6B00645F95 /* SlideMenuTests.xctest */;
			productType = "com.apple.product-type.bundle.unit-test";
		};
/* End PBXNativeTarget section */

/* Begin PBXProject section */
		225EAB2318FD6A6B00645F95 /* Project object */ = {
			isa = PBXProject;
			attributes = {
				CLASSPREFIX = KTR;
				LastUpgradeCheck = 0510;
				ORGANIZATIONNAME = kentarok.org;
				TargetAttributes = {
					225EAB4B18FD6A6B00645F95 = {
						TestTargetID = 225EAB2A18FD6A6B00645F95;
					};
				};
			};
			buildConfigurationList = 225EAB2618FD6A6B00645F95 /* Build configuration list for PBXProject "SlideMenu" */;
			compatibilityVersion = "Xcode 3.2";
			developmentRegion = English;
			hasScannedForEncodings = 0;
			knownRegions = (
				en,
				Base,
			);
			mainGroup = 225EAB2218FD6A6B00645F95;
			productRefGroup = 225EAB2C18FD6A6B00645F95 /* Products */;
			projectDirPath = "";
			projectRoot = "";
			targets = (
				225EAB2A18FD6A6B00645F95 /* SlideMenu */,
				225EAB4B18FD6A6B00645F95 /* SlideMenuTests */,
			);
		};
/* End PBXProject section */

/* Begin PBXResourcesBuildPhase section */
		225EAB2918FD6A6B00645F95 /* Resources */ = {
			isa = PBXResourcesBuildPhase;
			buildActionMask = 2147483647;
			files = (
				225EAB4718FD6A6B00645F95 /* Images.xcassets in Resources */,
				225EAB3918FD6A6B00645F95 /* InfoPlist.strings in Resources */,
				225EAB4218FD6A6B00645F95 /* Main.storyboard in Resources */,
			);
			runOnlyForDeploymentPostprocessing = 0;
		};
		225EAB4A18FD6A6B00645F95 /* Resources */ = {
			isa = PBXResourcesBuildPhase;
			buildActionMask = 2147483647;
			files = (
				225EAB5818FD6A6B00645F95 /* InfoPlist.strings in Resources */,
			);
			runOnlyForDeploymentPostprocessing = 0;
		};
/* End PBXResourcesBuildPhase section */

/* Begin PBXShellScriptBuildPhase section */
		6CE7BD91A3F1409A9BE7B86D /* Copy Pods Resources */ = {
			isa = PBXShellScriptBuildPhase;
			buildActionMask = 2147483647;
			files = (
			);
			inputPaths = (
			);
			name = "Copy Pods Resources";
			outputPaths = (
			);
			runOnlyForDeploymentPostprocessing = 0;
			shellPath = /bin/sh;
			shellScript = "\"${SRCROOT}/Pods/Pods-resources.sh\"\n";
			showEnvVarsInLog = 0;
		};
		ECE02E15581B4FE1BE6384FE /* Check Pods Manifest.lock */ = {
			isa = PBXShellScriptBuildPhase;
			buildActionMask = 2147483647;
			files = (
			);
			inputPaths = (
			);
			name = "Check Pods Manifest.lock";
			outputPaths = (
			);
			runOnlyForDeploymentPostprocessing = 0;
			shellPath = /bin/sh;
			shellScript = "diff \"${PODS_ROOT}/../Podfile.lock\" \"${PODS_ROOT}/Manifest.lock\" > /dev/null\nif [[ $? != 0 ]] ; then\n    cat << EOM\nerror: The sandbox is not in sync with the Podfile.lock. Run 'pod install' or update your CocoaPods installation.\nEOM\n    exit 1\nfi\n";
			showEnvVarsInLog = 0;
		};
/* End PBXShellScriptBuildPhase section */

/* Begin PBXSourcesBuildPhase section */
		225EAB2718FD6A6B00645F95 /* Sources */ = {
			isa = PBXSourcesBuildPhase;
			buildActionMask = 2147483647;
			files = (
				225EAB3F18FD6A6B00645F95 /* KTRAppDelegate.m in Sources */,
				22086CAA18FD71E400ACBA11 /* KTRBaseViewController.m in Sources */,
				225EAB3B18FD6A6B00645F95 /* main.m in Sources */,
				22086CB618FD7E2C00ACBA11 /* KTRLeftMenuViewController.m in Sources */,
				22086CAD18FD723F00ACBA11 /* KTRMainViewController.m in Sources */,
			);
			runOnlyForDeploymentPostprocessing = 0;
		};
		225EAB4818FD6A6B00645F95 /* Sources */ = {
			isa = PBXSourcesBuildPhase;
			buildActionMask = 2147483647;
			files = (
				225EAB5A18FD6A6B00645F95 /* SlideMenuTests.m in Sources */,
			);
			runOnlyForDeploymentPostprocessing = 0;
		};
/* End PBXSourcesBuildPhase section */

/* Begin PBXTargetDependency section */
		225EAB5218FD6A6B00645F95 /* PBXTargetDependency */ = {
			isa = PBXTargetDependency;
			target = 225EAB2A18FD6A6B00645F95 /* SlideMenu */;
			targetProxy = 225EAB5118FD6A6B00645F95 /* PBXContainerItemProxy */;
		};
/* End PBXTargetDependency section */

/* Begin PBXVariantGroup section */
		225EAB3718FD6A6B00645F95 /* InfoPlist.strings */ = {
			isa = PBXVariantGroup;
			children = (
				225EAB3818FD6A6B00645F95 /* en */,
			);
			name = InfoPlist.strings;
			sourceTree = "<group>";
		};
		225EAB4018FD6A6B00645F95 /* Main.storyboard */ = {
			isa = PBXVariantGroup;
			children = (
				225EAB4118FD6A6B00645F95 /* Base */,
			);
			name = Main.storyboard;
			sourceTree = "<group>";
		};
		225EAB5618FD6A6B00645F95 /* InfoPlist.strings */ = {
			isa = PBXVariantGroup;
			children = (
				225EAB5718FD6A6B00645F95 /* en */,
			);
			name = InfoPlist.strings;
			sourceTree = "<group>";
		};
/* End PBXVariantGroup section */

/* Begin XCBuildConfiguration section */
		225EAB5B18FD6A6B00645F95 /* Debug */ = {
			isa = XCBuildConfiguration;
			buildSettings = {
				ALWAYS_SEARCH_USER_PATHS = NO;
				CLANG_CXX_LANGUAGE_STANDARD = "gnu++0x";
				CLANG_CXX_LIBRARY = "libc++";
				CLANG_ENABLE_MODULES = YES;
				CLANG_ENABLE_OBJC_ARC = YES;
				CLANG_WARN_BOOL_CONVERSION = YES;
				CLANG_WARN_CONSTANT_CONVERSION = YES;
				CLANG_WARN_DIRECT_OBJC_ISA_USAGE = YES_ERROR;
				CLANG_WARN_EMPTY_BODY = YES;
				CLANG_WARN_ENUM_CONVERSION = YES;
				CLANG_WARN_INT_CONVERSION = YES;
				CLANG_WARN_OBJC_ROOT_CLASS = YES_ERROR;
				CLANG_WARN__DUPLICATE_METHOD_MATCH = YES;
				"CODE_SIGN_IDENTITY[sdk=iphoneos*]" = "iPhone Developer";
				COPY_PHASE_STRIP = NO;
				GCC_C_LANGUAGE_STANDARD = gnu99;
				GCC_DYNAMIC_NO_PIC = NO;
				GCC_OPTIMIZATION_LEVEL = 0;
				GCC_PREPROCESSOR_DEFINITIONS = (
					"DEBUG=1",
					"$(inherited)",
				);
				GCC_SYMBOLS_PRIVATE_EXTERN = NO;
				GCC_WARN_64_TO_32_BIT_CONVERSION = YES;
				GCC_WARN_ABOUT_RETURN_TYPE = YES_ERROR;
				GCC_WARN_UNDECLARED_SELECTOR = YES;
				GCC_WARN_UNINITIALIZED_AUTOS = YES_AGGRESSIVE;
				GCC_WARN_UNUSED_FUNCTION = YES;
				GCC_WARN_UNUSED_VARIABLE = YES;
				IPHONEOS_DEPLOYMENT_TARGET = 7.1;
				ONLY_ACTIVE_ARCH = YES;
				SDKROOT = iphoneos;
			};
			name = Debug;
		};
		225EAB5C18FD6A6B00645F95 /* Release */ = {
			isa = XCBuildConfiguration;
			buildSettings = {
				ALWAYS_SEARCH_USER_PATHS = NO;
				CLANG_CXX_LANGUAGE_STANDARD = "gnu++0x";
				CLANG_CXX_LIBRARY = "libc++";
				CLANG_ENABLE_MODULES = YES;
				CLANG_ENABLE_OBJC_ARC = YES;
				CLANG_WARN_BOOL_CONVERSION = YES;
				CLANG_WARN_CONSTANT_CONVERSION = YES;
				CLANG_WARN_DIRECT_OBJC_ISA_USAGE = YES_ERROR;
				CLANG_WARN_EMPTY_BODY = YES;
				CLANG_WARN_ENUM_CONVERSION = YES;
				CLANG_WARN_INT_CONVERSION = YES;
				CLANG_WARN_OBJC_ROOT_CLASS = YES_ERROR;
				CLANG_WARN__DUPLICATE_METHOD_MATCH = YES;
				"CODE_SIGN_IDENTITY[sdk=iphoneos*]" = "iPhone Developer";
				COPY_PHASE_STRIP = YES;
				ENABLE_NS_ASSERTIONS = NO;
				GCC_C_LANGUAGE_STANDARD = gnu99;
				GCC_WARN_64_TO_32_BIT_CONVERSION = YES;
				GCC_WARN_ABOUT_RETURN_TYPE = YES_ERROR;
				GCC_WARN_UNDECLARED_SELECTOR = YES;
				GCC_WARN_UNINITIALIZED_AUTOS = YES_AGGRESSIVE;
				GCC_WARN_UNUSED_FUNCTION = YES;
				GCC_WARN_UNUSED_VARIABLE = YES;
				IPHONEOS_DEPLOYMENT_TARGET = 7.1;
				SDKROOT = iphoneos;
				VALIDATE_PRODUCT = YES;
			};
			name = Release;
		};
		225EAB5E18FD6A6B00645F95 /* Debug */ = {
			isa = XCBuildConfiguration;
			baseConfigurationReference = 9B1EDE578B334310AD7D444F /* Pods.xcconfig */;
			buildSettings = {
				ASSETCATALOG_COMPILER_APPICON_NAME = AppIcon;
				ASSETCATALOG_COMPILER_LAUNCHIMAGE_NAME = LaunchImage;
				GCC_PRECOMPILE_PREFIX_HEADER = YES;
				GCC_PREFIX_HEADER = "SlideMenu/SlideMenu-Prefix.pch";
				INFOPLIST_FILE = "SlideMenu/SlideMenu-Info.plist";
				PRODUCT_NAME = "$(TARGET_NAME)";
				WRAPPER_EXTENSION = app;
			};
			name = Debug;
		};
		225EAB5F18FD6A6B00645F95 /* Release */ = {
			isa = XCBuildConfiguration;
			baseConfigurationReference = 9B1EDE578B334310AD7D444F /* Pods.xcconfig */;
			buildSettings = {
				ASSETCATALOG_COMPILER_APPICON_NAME = AppIcon;
				ASSETCATALOG_COMPILER_LAUNCHIMAGE_NAME = LaunchImage;
				GCC_PRECOMPILE_PREFIX_HEADER = YES;
				GCC_PREFIX_HEADER = "SlideMenu/SlideMenu-Prefix.pch";
				INFOPLIST_FILE = "SlideMenu/SlideMenu-Info.plist";
				PRODUCT_NAME = "$(TARGET_NAME)";
				WRAPPER_EXTENSION = app;
			};
			name = Release;
		};
		225EAB6118FD6A6B00645F95 /* Debug */ = {
			isa = XCBuildConfiguration;
			buildSettings = {
				BUNDLE_LOADER = "$(BUILT_PRODUCTS_DIR)/SlideMenu.app/SlideMenu";
				FRAMEWORK_SEARCH_PATHS = (
					"$(SDKROOT)/Developer/Library/Frameworks",
					"$(inherited)",
					"$(DEVELOPER_FRAMEWORKS_DIR)",
				);
				GCC_PRECOMPILE_PREFIX_HEADER = YES;
				GCC_PREFIX_HEADER = "SlideMenu/SlideMenu-Prefix.pch";
				GCC_PREPROCESSOR_DEFINITIONS = (
					"DEBUG=1",
					"$(inherited)",
				);
				INFOPLIST_FILE = "SlideMenuTests/SlideMenuTests-Info.plist";
				PRODUCT_NAME = "$(TARGET_NAME)";
				TEST_HOST = "$(BUNDLE_LOADER)";
				WRAPPER_EXTENSION = xctest;
			};
			name = Debug;
		};
		225EAB6218FD6A6B00645F95 /* Release */ = {
			isa = XCBuildConfiguration;
			buildSettings = {
				BUNDLE_LOADER = "$(BUILT_PRODUCTS_DIR)/SlideMenu.app/SlideMenu";
				FRAMEWORK_SEARCH_PATHS = (
					"$(SDKROOT)/Developer/Library/Frameworks",
					"$(inherited)",
					"$(DEVELOPER_FRAMEWORKS_DIR)",
				);
				GCC_PRECOMPILE_PREFIX_HEADER = YES;
				GCC_PREFIX_HEADER = "SlideMenu/SlideMenu-Prefix.pch";
				INFOPLIST_FILE = "SlideMenuTests/SlideMenuTests-Info.plist";
				PRODUCT_NAME = "$(TARGET_NAME)";
				TEST_HOST = "$(BUNDLE_LOADER)";
				WRAPPER_EXTENSION = xctest;
			};
			name = Release;
		};
/* End XCBuildConfiguration section */

/* Begin XCConfigurationList section */
		225EAB2618FD6A6B00645F95 /* Build configuration list for PBXProject "SlideMenu" */ = {
			isa = XCConfigurationList;
			buildConfigurations = (
				225EAB5B18FD6A6B00645F95 /* Debug */,
				225EAB5C18FD6A6B00645F95 /* Release */,
			);
			defaultConfigurationIsVisible = 0;
			defaultConfigurationName = Release;
		};
		225EAB5D18FD6A6B00645F95 /* Build configuration list for PBXNativeTarget "SlideMenu" */ = {
			isa = XCConfigurationList;
			buildConfigurations = (
				225EAB5E18FD6A6B00645F95 /* Debug */,
				225EAB5F18FD6A6B00645F95 /* Release */,
			);
			defaultConfigurationIsVisible = 0;
			defaultConfigurationName = Release;
		};
		225EAB6018FD6A6B00645F95 /* Build configuration list for PBXNativeTarget "SlideMenuTests" */ = {
			isa = XCConfigurationList;
			buildConfigurations = (
				225EAB6118FD6A6B00645F95 /* Debug */,
				225EAB6218FD6A6B00645F95 /* Release */,
			);
			defaultConfigurationIsVisible = 0;
			defaultConfigurationName = Release;
		};
/* End XCConfigurationList section */
	};
	rootObject = 225EAB2318FD6A6B00645F95 /* Project object */;
}
